
Microsoft Visual Studio Solution File, Format Version 12.00
# Visual Studio 15
VisualStudioVersion = 15.0.28307.572
MinimumVisualStudioVersion = 10.0.40219.1
Project("{FAE04EC0-301F-11D3-BF4B-00C04F79EFBC}") = "WebCore", "WebCore\WebCore.csproj", "{10EDD512-84FB-4410-8F45-114B8A220DE6}"
EndProject
Global
	GlobalSection(SolutionConfigurationPlatforms) = preSolution
		Debug|Any CPU = Debug|Any CPU
		Release|Any CPU = Release|Any CPU
	EndGlobalSection
	GlobalSection(ProjectConfigurationPlatforms) = postSolution
		{10EDD512-84FB-4410-8F45-114B8A220DE6}.Debug|Any CPU.ActiveCfg = Debug|Any CPU
		{10EDD512-84FB-4410-8F45-114B8A220DE6}.Debug|Any CPU.Build.0 = Debug|Any CPU
		{10EDD512-84FB-4410-8F45-114B8A220DE6}.Release|Any CPU.ActiveCfg = Release|Any CPU
		{10EDD512-84FB-4410-8F45-114B8A220DE6}.Release|Any CPU.Build.0 = Release|Any CPU
	EndGlobalSection
	GlobalSection(SolutionProperties) = preSolution
		HideSolutionNode = FALSE
	EndGlobalSection
	GlobalSection(ExtensibilityGlobals) = postSolution
		SolutionGuid = {A44624DF-C272-428E-9E33-473CE7DBA0BF}
	EndGlobalSection
EndGlobal
